<Project xmlns="http://schemas.microsoft.com/developer/msbuild/2003">
    <PropertyGroup>
        <ProjectGuid>{FBC4CCF8-1777-44FD-8C28-D267AC8B3EDA}</ProjectGuid>
        <ProjectVersion>14.6</ProjectVersion>
        <FrameworkType>VCL</FrameworkType>
        <MainSource>Manarina.dpr</MainSource>
        <Base>True</Base>
        <Config Condition="'$(Config)'==''">Release</Config>
        <Platform Condition="'$(Platform)'==''">Win32</Platform>
        <TargetedPlatforms>1</TargetedPlatforms>
        <AppType>Application</AppType>
    </PropertyGroup>
    <PropertyGroup Condition="'$(Config)'=='Base' or '$(Base)'!=''">
        <Base>true</Base>
    </PropertyGroup>
    <PropertyGroup Condition="('$(Platform)'=='Win32' and '$(Base)'=='true') or '$(Base_Win32)'!=''">
        <Base_Win32>true</Base_Win32>
        <CfgParent>Base</CfgParent>
        <Base>true</Base>
    </PropertyGroup>
    <PropertyGroup Condition="('$(Platform)'=='Win64' and '$(Base)'=='true') or '$(Base_Win64)'!=''">
        <Base_Win64>true</Base_Win64>
        <CfgParent>Base</CfgParent>
        <Base>true</Base>
    </PropertyGroup>
    <PropertyGroup Condition="'$(Config)'=='Debug' or '$(Cfg_1)'!=''">
        <Cfg_1>true</Cfg_1>
        <CfgParent>Base</CfgParent>
        <Base>true</Base>
    </PropertyGroup>
    <PropertyGroup Condition="('$(Platform)'=='Win32' and '$(Cfg_1)'=='true') or '$(Cfg_1_Win32)'!=''">
        <Cfg_1_Win32>true</Cfg_1_Win32>
        <CfgParent>Cfg_1</CfgParent>
        <Cfg_1>true</Cfg_1>
        <Base>true</Base>
    </PropertyGroup>
    <PropertyGroup Condition="'$(Config)'=='Release' or '$(Cfg_2)'!=''">
        <Cfg_2>true</Cfg_2>
        <CfgParent>Base</CfgParent>
        <Base>true</Base>
    </PropertyGroup>
    <PropertyGroup Condition="('$(Platform)'=='Win32' and '$(Cfg_2)'=='true') or '$(Cfg_2_Win32)'!=''">
        <Cfg_2_Win32>true</Cfg_2_Win32>
        <CfgParent>Cfg_2</CfgParent>
        <Cfg_2>true</Cfg_2>
        <Base>true</Base>
    </PropertyGroup>
    <PropertyGroup Condition="'$(Base)'!=''">
        <DCC_Namespace>System;Xml;Data;Datasnap;Web;Soap;Vcl;Vcl.Imaging;Vcl.Touch;Vcl.Samples;Vcl.Shell;$(DCC_Namespace)</DCC_Namespace>
        <Icon_MainIcon>$(BDS)\bin\delphi_PROJECTICON.ico</Icon_MainIcon>
        <DCC_DcuOutput>.\$(Platform)\$(Config)</DCC_DcuOutput>
        <DCC_ExeOutput>.\$(Platform)\$(Config)</DCC_ExeOutput>
        <DCC_E>false</DCC_E>
        <DCC_N>false</DCC_N>
        <DCC_S>false</DCC_S>
        <DCC_F>false</DCC_F>
        <DCC_K>false</DCC_K>
    </PropertyGroup>
    <PropertyGroup Condition="'$(Base_Win32)'!=''">
        <Icon_MainIcon>Manarina_Icon.ico</Icon_MainIcon>
        <DCC_UsePackage>dxBarRS18;dxPSCoreRS18;dxSkinOffice2007GreenRS18;dxPScxPCProdRS18;dxSkinBlueRS18;cxTreeListRS18;frxDB18;dxDockingRS18;dxThemeRS18;dxPSdxOCLnkRS18;dxSkinsdxRibbonPainterRS18;dxSkinOffice2007BlueRS18;rbDBE1518;DBXInterBaseDriver;DataSnapServer;DataSnapCommon;cxTreeListdxBarPopupMenuRS18;dxSkinsdxBarPainterRS18;rbUSERDesign1518;DbxCommonDriver;vclimg;dbxcds;DatasnapConnectorsFreePascal;rbRAP1518;dxSkinscxPCPainterRS18;vcldb;dxSkinDarkRoomRS18;cxExportRS18;dcldxSkinsCoreRS18;CustomIPTransport;dxSkinBlueprintRS18;rbCIDE1518;dsnap;IndyIPServer;dxSkinOffice2010BlueRS18;IndyCore;cxVerticalGridRS18;dclRBE1518;CloudService;dxPSdxDBOCLnkRS18;FmxTeeUI;dxADOServerModeRS18;dxSkinDarkSideRS18;dxPScxExtCommonRS18;cxEditorsRS18;cxSchedulerRS18;dxSpellCheckerRS18;cxPageControldxBarPopupMenuRS18;dxPScxVGridLnkRS18;rbRCL1518;dxSkinSharpPlusRS18;dxSkinValentineRS18;rbUSER1518;dxRibbonRS18;dxSkinGlassOceansRS18;bindcompfmx;vcldbx;cxBarEditItemRS18;cxPageControlRS18;dxSkinSharpRS18;dbrtl;dxSkinDevExpressDarkStyleRS18;bindcomp;inetdb;dxSkinXmas2008BlueRS18;rbDIDE1518;DBXOdbcDriver;xmlrtl;dxBarExtItemsRS18;frxe18;dxSkinLiquidSkyRS18;dxSkinPumpkinRS18;dxSkinOffice2013WhiteRS18;vclactnband;bindengine;soaprtl;FMXTee;dclRBDBE1518;bindcompvcl;dxPsPrVwAdvRS18;cxSpreadSheetRS18;cxPivotGridRS18;vclie;dxmdsRS18;dxBarDBNavRS18;dxComnRS18;dxBarExtDBItemsRS18;DBXInformixDriver;dxPScxSchedulerLnkRS18;Intraweb;dxNavBarRS18;dsnapcon;DBXFirebirdDriver;dxPSTeeChartRS18;inet;dxSkinscxSchedulerPainterRS18;dxPScxCommonRS18;rbADO1518;dxSkinWhiteprintRS18;vclx;DBXSybaseASADriver;dxorgcRS18;rbDBDE1518;dbexpress;dxSkinOffice2007BlackRS18;dxSkinSummer2008RS18;dxSkinBlackRS18;IndyIPClient;dxGDIPlusRS18;dxSkinCoffeeRS18;dxLayoutControlRS18;dxSkinMoneyTwinsRS18;dxSkinVS2010RS18;DBXSqliteDriver;fmx;IndySystem;TeeDB;frx18;rbIDE1518;inetdbbde;dxPScxTLLnkRS18;DataSnapClient;cxSchedulerGridRS18;dxtrmdRS18;DataSnapProviderClient;DBXSybaseASEDriver;dxSkinSilverRS18;dxTabbedMDIRS18;MetropolisUILiveTile;dxPSLnksRS18;vcldsnap;dxPScxPivotGridLnkRS18;DBXDb2Driver;dxPScxSSLnkRS18;dxSkinOffice2010SilverRS18;rbDAD1518;DBXOracleDriver;dxServerModeRS18;vclribbon;dxdborRS18;dxSkinsdxDLPainterRS18;fmxase;vcl;IndyIPCommon;DBXMSSQLDriver;CodeSiteExpressPkg;cxPivotGridChartRS18;rbDB1518;rbBDE1518;inetdbxpress;webdsnap;dxPScxGridLnkRS18;dxSkinsCoreRS18;dxSkinLondonLiquidSkyRS18;cxLibraryRS18;adortl;dxSkinDevExpressStyleRS18;dxSkinTheAsphaltWorldRS18;dxSkinSpringTimeRS18;dxSkinHighContrastRS18;dxPSdxDBTVLnkRS18;dxSkinCaramelRS18;dxSkinOffice2007SilverRS18;rtl;DbxClientDriver;Tee;dxSkinStardustRS18;rbTCUI1518;svnui;rbTC1518;QImport3RT_D18;dxDBXServerModeRS18;IndyProtocols;DBXMySQLDriver;dxSkiniMaginaryRS18;dxFlowChartRS18;bindcompdbx;TeeUI;dclRBBDE1518;dxSkinMcSkinRS18;vcltouch;dxPSPrVwRibbonRS18;dxSkinOffice2007PinkRS18;dxPSdxFCLnkRS18;VclSmp;cxGridRS18;dxSkinSevenRS18;dxSkinOffice2010BlackRS18;cxSchedulerTreeBrowserRS18;DataSnapConnectors;dxPSDBTeeChartRS18;dxdbtrRS18;rbRIDE1518;dxCoreRS18;fmxobj;dxSkinFoggyRS18;dxSkinSevenClassicRS18;dxSkinsdxNavBarPainterRS18;dclRBADO1518;svn;dxSkinLilianRS18;dxPSdxLCLnkRS18;fmxdae;cxPivotGridOLAPRS18;cxDataRS18;bdertl;DataSnapIndy10ServerTransport;$(DCC_UsePackage)</DCC_UsePackage>
        <DCC_Namespace>Winapi;System.Win;Data.Win;Datasnap.Win;Web.Win;Soap.Win;Xml.Win;Bde;$(DCC_Namespace)</DCC_Namespace>
        <Manifest_File>$(BDS)\bin\default_app.manifest</Manifest_File>
        <VerInfo_IncludeVerInfo>true</VerInfo_IncludeVerInfo>
        <VerInfo_Keys>CompanyName=;FileDescription=;FileVersion=1.0.0.0;InternalName=;LegalCopyright=;LegalTrademarks=;OriginalFilename=;ProductName=;ProductVersion=1.0.0.0;Comments=</VerInfo_Keys>
        <VerInfo_Locale>1033</VerInfo_Locale>
    </PropertyGroup>
    <PropertyGroup Condition="'$(Base_Win64)'!=''">
        <DCC_UsePackage>dxBarRS18;dxPSCoreRS18;dxSkinOffice2007GreenRS18;dxPScxPCProdRS18;dxSkinBlueRS18;cxTreeListRS18;dxDockingRS18;dxThemeRS18;dxPSdxOCLnkRS18;dxSkinsdxRibbonPainterRS18;dxSkinOffice2007BlueRS18;DBXInterBaseDriver;DataSnapServer;DataSnapCommon;cxTreeListdxBarPopupMenuRS18;dxSkinsdxBarPainterRS18;DbxCommonDriver;vclimg;dbxcds;DatasnapConnectorsFreePascal;dxSkinscxPCPainterRS18;vcldb;dxSkinDarkRoomRS18;cxExportRS18;dcldxSkinsCoreRS18;CustomIPTransport;dxSkinBlueprintRS18;dsnap;IndyIPServer;dxSkinOffice2010BlueRS18;IndyCore;cxVerticalGridRS18;CloudService;dxPSdxDBOCLnkRS18;FmxTeeUI;dxADOServerModeRS18;dxSkinDarkSideRS18;dxPScxExtCommonRS18;cxEditorsRS18;cxSchedulerRS18;dxSpellCheckerRS18;cxPageControldxBarPopupMenuRS18;dxPScxVGridLnkRS18;dxSkinSharpPlusRS18;dxSkinValentineRS18;dxRibbonRS18;dxSkinGlassOceansRS18;bindcompfmx;cxBarEditItemRS18;cxPageControlRS18;dxSkinSharpRS18;dbrtl;dxSkinDevExpressDarkStyleRS18;bindcomp;inetdb;dxSkinXmas2008BlueRS18;DBXOdbcDriver;xmlrtl;dxBarExtItemsRS18;dxSkinLiquidSkyRS18;dxSkinPumpkinRS18;dxSkinOffice2013WhiteRS18;vclactnband;bindengine;soaprtl;FMXTee;bindcompvcl;dxPsPrVwAdvRS18;cxSpreadSheetRS18;cxPivotGridRS18;vclie;dxmdsRS18;dxBarDBNavRS18;dxComnRS18;dxBarExtDBItemsRS18;DBXInformixDriver;dxPScxSchedulerLnkRS18;Intraweb;dxNavBarRS18;dsnapcon;DBXFirebirdDriver;dxPSTeeChartRS18;inet;dxSkinscxSchedulerPainterRS18;dxPScxCommonRS18;dxSkinWhiteprintRS18;vclx;DBXSybaseASADriver;dxorgcRS18;dbexpress;dxSkinOffice2007BlackRS18;dxSkinSummer2008RS18;dxSkinBlackRS18;IndyIPClient;dxGDIPlusRS18;dxSkinCoffeeRS18;dxLayoutControlRS18;dxSkinMoneyTwinsRS18;dxSkinVS2010RS18;DBXSqliteDriver;fmx;IndySystem;TeeDB;dxPScxTLLnkRS18;DataSnapClient;cxSchedulerGridRS18;dxtrmdRS18;DataSnapProviderClient;DBXSybaseASEDriver;dxSkinSilverRS18;dxTabbedMDIRS18;MetropolisUILiveTile;dxPSLnksRS18;vcldsnap;dxPScxPivotGridLnkRS18;DBXDb2Driver;dxPScxSSLnkRS18;dxSkinOffice2010SilverRS18;DBXOracleDriver;dxServerModeRS18;vclribbon;dxdborRS18;dxSkinsdxDLPainterRS18;fmxase;vcl;IndyIPCommon;DBXMSSQLDriver;cxPivotGridChartRS18;inetdbxpress;webdsnap;dxPScxGridLnkRS18;dxSkinsCoreRS18;dxSkinLondonLiquidSkyRS18;cxLibraryRS18;adortl;dxSkinDevExpressStyleRS18;dxSkinTheAsphaltWorldRS18;dxSkinSpringTimeRS18;dxSkinHighContrastRS18;dxPSdxDBTVLnkRS18;dxSkinCaramelRS18;dxSkinOffice2007SilverRS18;rtl;DbxClientDriver;Tee;dxSkinStardustRS18;dxDBXServerModeRS18;IndyProtocols;DBXMySQLDriver;dxSkiniMaginaryRS18;dxFlowChartRS18;bindcompdbx;TeeUI;dxSkinMcSkinRS18;vcltouch;dxPSPrVwRibbonRS18;dxSkinOffice2007PinkRS18;dxPSdxFCLnkRS18;VclSmp;cxGridRS18;dxSkinSevenRS18;dxSkinOffice2010BlackRS18;cxSchedulerTreeBrowserRS18;DataSnapConnectors;dxPSDBTeeChartRS18;dxdbtrRS18;dxCoreRS18;fmxobj;dxSkinFoggyRS18;dxSkinSevenClassicRS18;dxSkinsdxNavBarPainterRS18;dxSkinLilianRS18;dxPSdxLCLnkRS18;fmxdae;cxPivotGridOLAPRS18;cxDataRS18;DataSnapIndy10ServerTransport;$(DCC_UsePackage)</DCC_UsePackage>
    </PropertyGroup>
    <PropertyGroup Condition="'$(Cfg_1)'!=''">
        <DCC_Define>DEBUG;$(DCC_Define)</DCC_Define>
        <DCC_DebugDCUs>true</DCC_DebugDCUs>
        <DCC_Optimize>false</DCC_Optimize>
        <DCC_GenerateStackFrames>true</DCC_GenerateStackFrames>
        <DCC_DebugInfoInExe>true</DCC_DebugInfoInExe>
        <DCC_RemoteDebug>true</DCC_RemoteDebug>
    </PropertyGroup>
    <PropertyGroup Condition="'$(Cfg_1_Win32)'!=''">
        <Icon_MainIcon>Manarina_Icon.ico</Icon_MainIcon>
        <VerInfo_Locale>1033</VerInfo_Locale>
        <VerInfo_IncludeVerInfo>true</VerInfo_IncludeVerInfo>
        <DCC_RemoteDebug>false</DCC_RemoteDebug>
    </PropertyGroup>
    <PropertyGroup Condition="'$(Cfg_2)'!=''">
        <DCC_LocalDebugSymbols>false</DCC_LocalDebugSymbols>
        <DCC_Define>RELEASE;$(DCC_Define)</DCC_Define>
        <DCC_SymbolReferenceInfo>0</DCC_SymbolReferenceInfo>
        <DCC_DebugInformation>false</DCC_DebugInformation>
    </PropertyGroup>
    <PropertyGroup Condition="'$(Cfg_2_Win32)'!=''">
        <VerInfo_Release>2</VerInfo_Release>
        <VerInfo_AutoIncVersion>true</VerInfo_AutoIncVersion>
        <Icon_MainIcon>Manarina_Icon.ico</Icon_MainIcon>
        <VerInfo_Build>44</VerInfo_Build>
        <VerInfo_Locale>1033</VerInfo_Locale>
        <VerInfo_IncludeVerInfo>true</VerInfo_IncludeVerInfo>
        <VerInfo_Keys>CompanyName=;FileDescription=;FileVersion=1.0.2.44;InternalName=;LegalCopyright=;LegalTrademarks=;OriginalFilename=;ProductName=;ProductVersion=1.0.0.0;Comments=</VerInfo_Keys>
    </PropertyGroup>
    <ItemGroup>
        <DelphiCompile Include="$(MainSource)">
            <MainSource>MainSource</MainSource>
        </DelphiCompile>
        <DCCReference Include="Standard\_AboutForm.pas">
            <Form>_frmAbout</Form>
            <FormType>dfm</FormType>
        </DCCReference>
        <DCCReference Include="Standard\_ConectionDmod.pas">
            <Form>_dmConection</Form>
            <FormType>dfm</FormType>
            <DesignClass>TDataModule</DesignClass>
        </DCCReference>
        <DCCReference Include="Standard\_DualListDM.pas">
            <Form>_dmDualList</Form>
            <FormType>dfm</FormType>
            <DesignClass>TDataModule</DesignClass>
        </DCCReference>
        <DCCReference Include="Standard\_DualListForm.pas">
            <Form>_frmDualList</Form>
            <FormType>dfm</FormType>
        </DCCReference>
        <DCCReference Include="Standard\_EditForm.pas">
            <Form>_frmEdit</Form>
            <FormType>dfm</FormType>
        </DCCReference>
        <DCCReference Include="Standard\_GridForm.pas">
            <Form>_frmGrid</Form>
            <FormType>dfm</FormType>
        </DCCReference>
        <DCCReference Include="Standard\_LoginForm.pas">
            <Form>_frmLogin</Form>
            <FormType>dfm</FormType>
        </DCCReference>
        <DCCReference Include="Standard\_MainForm.pas">
            <Form>_frmMain</Form>
            <FormType>dfm</FormType>
        </DCCReference>
        <DCCReference Include="Standard\_MainRibbonForm.pas">
            <Form>_frmMainRibbon</Form>
            <FormType>dfm</FormType>
        </DCCReference>
        <DCCReference Include="Standard\_ProgressForm.pas">
            <Form>_frmProgress</Form>
            <FormType>dfm</FormType>
        </DCCReference>
        <DCCReference Include="Standard\_ProviderDMod.pas">
            <Form>_dmProvider</Form>
            <FormType>dfm</FormType>
            <DesignClass>TDataModule</DesignClass>
        </DCCReference>
        <DCCReference Include="Standard\_ReportDMod.pas">
            <Form>_dmReport</Form>
            <FormType>dfm</FormType>
            <DesignClass>TDataModule</DesignClass>
        </DCCReference>
        <DCCReference Include="Standard\_ReportForm.pas">
            <Form>_frmReport</Form>
            <FormType>dfm</FormType>
        </DCCReference>
        <DCCReference Include="Standard\_SplashForm.pas">
            <Form>_frmSplash</Form>
            <FormType>dfm</FormType>
        </DCCReference>
        <DCCReference Include="Standard\_StandarDMod.pas">
            <Form>_dmStandar</Form>
            <FormType>dfm</FormType>
            <DesignClass>TDataModule</DesignClass>
        </DCCReference>
        <DCCReference Include="Standard\_StandarForm.pas">
            <Form>_StandarFrm</Form>
            <FormType>dfm</FormType>
        </DCCReference>
        <DCCReference Include="Standard\_StandarGridForm.pas">
            <Form>_frmStandarGrid</Form>
            <FormType>dfm</FormType>
        </DCCReference>
        <DCCReference Include="Standard\_Utils.pas"/>
        <DCCReference Include="MainForm.pas">
            <Form>frmMain</Form>
            <FormType>dfm</FormType>
        </DCCReference>
        <DCCReference Include="Catalogos\UsuariosDM.pas">
            <Form>dmUsuarios</Form>
            <FormType>dfm</FormType>
            <DesignClass>TDataModule</DesignClass>
        </DCCReference>
        <DCCReference Include="Catalogos\UsuariosEdit.pas">
            <Form>frmUsuariosEdit</Form>
            <FormType>dfm</FormType>
        </DCCReference>
        <DCCReference Include="Catalogos\UsuariosForm.pas">
            <Form>frmUsuarios</Form>
            <FormType>dfm</FormType>
        </DCCReference>
        <DCCReference Include="Catalogos\UbicacionesDM.pas">
            <Form>dmUbicaciones</Form>
            <FormType>dfm</FormType>
            <DesignClass>TDataModule</DesignClass>
        </DCCReference>
        <DCCReference Include="Catalogos\UbicacionesEdit.pas">
            <Form>frmUbicacionesEdit</Form>
            <FormType>dfm</FormType>
        </DCCReference>
        <DCCReference Include="Catalogos\UbicacionesForm.pas">
            <Form>frmUbicaciones</Form>
            <FormType>dfm</FormType>
        </DCCReference>
        <DCCReference Include="Catalogos\PaisesDM.pas">
            <Form>dmUbicacion</Form>
            <FormType>dfm</FormType>
            <DesignClass>TDataModule</DesignClass>
        </DCCReference>
        <DCCReference Include="Catalogos\PaisesForm.pas">
            <Form>frmPaises</Form>
            <FormType>dfm</FormType>
        </DCCReference>
        <DCCReference Include="Catalogos\PaisForm.pas">
            <Form>frmPais</Form>
            <FormType>dfm</FormType>
        </DCCReference>
        <DCCReference Include="Catalogos\EstadoForm.pas">
            <Form>frmEstado</Form>
            <FormType>dfm</FormType>
        </DCCReference>
        <DCCReference Include="Catalogos\EstadosForm.pas">
            <Form>frmEstados</Form>
            <FormType>dfm</FormType>
        </DCCReference>
        <DCCReference Include="Catalogos\MunicipioForm.pas">
            <Form>frmMunicipio</Form>
            <FormType>dfm</FormType>
        </DCCReference>
        <DCCReference Include="Catalogos\MunicipiosForm.pas">
            <Form>frmMunicipios</Form>
            <FormType>dfm</FormType>
        </DCCReference>
        <DCCReference Include="Catalogos\PoblacionesForm.pas">
            <Form>frmPoblaciones</Form>
            <FormType>dfm</FormType>
        </DCCReference>
        <DCCReference Include="Catalogos\PoblacionForm.pas">
            <Form>frmPoblacion</Form>
            <FormType>dfm</FormType>
        </DCCReference>
        <DCCReference Include="Catalogos\BancoForm.pas">
            <Form>frmBanco</Form>
            <FormType>dfm</FormType>
        </DCCReference>
        <DCCReference Include="Catalogos\BancosDM.pas">
            <Form>dmBancos</Form>
            <FormType>dfm</FormType>
            <DesignClass>TDataModule</DesignClass>
        </DCCReference>
        <DCCReference Include="Catalogos\BancosForm.pas">
            <Form>frmBancos</Form>
            <FormType>dfm</FormType>
        </DCCReference>
        <DCCReference Include="Catalogos\MonedaForm.pas">
            <Form>frmMoneda</Form>
            <FormType>dfm</FormType>
        </DCCReference>
        <DCCReference Include="Catalogos\MonedasDM.pas">
            <Form>dmMonedas</Form>
            <FormType>dfm</FormType>
            <DesignClass>TDataModule</DesignClass>
        </DCCReference>
        <DCCReference Include="Catalogos\MonedasForm.pas">
            <Form>frmMonedas</Form>
            <FormType>dfm</FormType>
        </DCCReference>
        <DCCReference Include="Catalogos\PuestosDM.pas">
            <Form>dmPuestos</Form>
            <FormType>dfm</FormType>
            <DesignClass>TDataModule</DesignClass>
        </DCCReference>
        <DCCReference Include="Catalogos\PuestosEdit.pas">
            <Form>frmPuestosEdit</Form>
            <FormType>dfm</FormType>
        </DCCReference>
        <DCCReference Include="Catalogos\PuestosForm.pas">
            <Form>frmPuestos</Form>
            <FormType>dfm</FormType>
        </DCCReference>
        <DCCReference Include="Catalogos\UnidadesNegocioEdit.pas">
            <Form>frmUnidadesNegocioEdit</Form>
            <FormType>dfm</FormType>
        </DCCReference>
        <DCCReference Include="Catalogos\UnidadesNegocioForm.pas">
            <Form>frmUnidadesNegocio</Form>
            <FormType>dfm</FormType>
        </DCCReference>
        <DCCReference Include="Catalogos\GerenciaForm.pas">
            <Form>frmGerencia</Form>
            <FormType>dfm</FormType>
        </DCCReference>
        <DCCReference Include="Catalogos\GerenciasForm.pas">
            <Form>frmGerencias</Form>
            <FormType>dfm</FormType>
        </DCCReference>
        <DCCReference Include="Catalogos\DepartamentoForm.pas">
            <Form>frmDepartamento</Form>
            <FormType>dfm</FormType>
        </DCCReference>
        <DCCReference Include="Catalogos\DepartamentosForm.pas">
            <Form>frmDepartamentos</Form>
            <FormType>dfm</FormType>
        </DCCReference>
        <DCCReference Include="Catalogos\PlazasTurnosDM.pas">
            <Form>dmPlazasTurnos</Form>
            <FormType>dfm</FormType>
            <DesignClass>TDataModule</DesignClass>
        </DCCReference>
        <DCCReference Include="Catalogos\PlazasTurnosForm.pas">
            <Form>frmPlazasTurnos</Form>
            <FormType>dfm</FormType>
        </DCCReference>
        <DCCReference Include="Catalogos\PlazaTurnoForm.pas">
            <Form>frmPlazaTurno</Form>
            <FormType>dfm</FormType>
        </DCCReference>
        <DCCReference Include="Catalogos\EstablecimientosDM.pas">
            <Form>dmEstablecimientos</Form>
            <FormType>dfm</FormType>
            <DesignClass>TDataModule</DesignClass>
        </DCCReference>
        <DCCReference Include="Catalogos\EstablecimientosEdit.pas">
            <Form>frmEstablecimientosEdit</Form>
            <FormType>dfm</FormType>
        </DCCReference>
        <DCCReference Include="Catalogos\EstablecimientosForm.pas">
            <Form>frmEstablecimientos</Form>
            <FormType>dfm</FormType>
        </DCCReference>
        <DCCReference Include="Catalogos\DomiciliosDM.pas">
            <Form>dmDomicilios</Form>
            <FormType>dfm</FormType>
            <DesignClass>TDataModule</DesignClass>
        </DCCReference>
        <DCCReference Include="Catalogos\DomiciliosEdit.pas">
            <Form>frmDomiciliosEdit</Form>
            <FormType>dfm</FormType>
        </DCCReference>
        <DCCReference Include="Catalogos\DomiciliosForm.pas">
            <Form>frmDomicilios</Form>
            <FormType>dfm</FormType>
        </DCCReference>
        <DCCReference Include="Catalogos\CapacitacionDM.pas">
            <Form>dmCapacitacion</Form>
            <FormType>dfm</FormType>
            <DesignClass>TDataModule</DesignClass>
        </DCCReference>
        <DCCReference Include="Catalogos\BateriaCapacitacionCursoForm.pas">
            <Form>frmBateriaCapacitacionCurso</Form>
            <FormType>dfm</FormType>
        </DCCReference>
        <DCCReference Include="Catalogos\BateriaCapacitacionCursosForm.pas">
            <Form>frmBateriaCapacitacionCursos</Form>
            <FormType>dfm</FormType>
        </DCCReference>
        <DCCReference Include="Catalogos\BateriaCapacitacionCursosTemasForm.pas">
            <Form>frmBateriaCapacitacionCursosTemas</Form>
            <FormType>dfm</FormType>
        </DCCReference>
        <DCCReference Include="Catalogos\BateriaCapacitacionCursoTemaForm.pas">
            <Form>frmBateriaCapacitacionCursosTema</Form>
            <FormType>dfm</FormType>
        </DCCReference>
        <DCCReference Include="Catalogos\BateriaCapacitacionesForm.pas">
            <Form>frmBateriasCapacitacion</Form>
            <FormType>dfm</FormType>
        </DCCReference>
        <DCCReference Include="Catalogos\BateriaCapacitacionForm.pas">
            <Form>frmBateriaCapacitacion</Form>
            <FormType>dfm</FormType>
        </DCCReference>
        <DCCReference Include="Catalogos\PersonasDM.pas">
            <Form>dmPersona</Form>
            <FormType>dfm</FormType>
            <DesignClass>TDataModule</DesignClass>
        </DCCReference>
        <DCCReference Include="Catalogos\PersonasEdit.pas">
            <Form>frmPersonaEdit</Form>
            <FormType>dfm</FormType>
        </DCCReference>
        <DCCReference Include="Catalogos\PersonasForm.pas">
            <Form>frmPersonas</Form>
            <FormType>dfm</FormType>
        </DCCReference>
        <DCCReference Include="Catalogos\PersonasDomiciliosDM.pas">
            <Form>dmPersonasDomicilios</Form>
            <FormType>dfm</FormType>
            <DesignClass>TDataModule</DesignClass>
        </DCCReference>
        <DCCReference Include="Catalogos\PersonasDomiciliosEdit.pas">
            <Form>frmPersonasDomiciliosEdit</Form>
            <FormType>dfm</FormType>
        </DCCReference>
        <DCCReference Include="Catalogos\PersonasDomiciliosForm.pas">
            <Form>frmPersonasDomicilios</Form>
            <FormType>dfm</FormType>
        </DCCReference>
        <DCCReference Include="Catalogos\TelefonosDM.pas">
            <Form>dmTelefonos</Form>
            <FormType>dfm</FormType>
            <DesignClass>TDataModule</DesignClass>
        </DCCReference>
        <DCCReference Include="Catalogos\TelefonosEdit.pas">
            <Form>frmTelefonosEdit</Form>
            <FormType>dfm</FormType>
        </DCCReference>
        <DCCReference Include="Catalogos\TelefonosForm.pas">
            <Form>frmTelefonos</Form>
            <FormType>dfm</FormType>
        </DCCReference>
        <DCCReference Include="Catalogos\EmailsDM.pas">
            <Form>dmEmails</Form>
            <FormType>dfm</FormType>
            <DesignClass>TDataModule</DesignClass>
        </DCCReference>
        <DCCReference Include="Catalogos\EmailsEdit.pas">
            <Form>frmEmailsEdit</Form>
            <FormType>dfm</FormType>
        </DCCReference>
        <DCCReference Include="Catalogos\EmailsForm.pas">
            <Form>frmEmails</Form>
            <FormType>dfm</FormType>
        </DCCReference>
        <DCCReference Include="Catalogos\PersonasContactoDM.pas">
            <Form>dmPersonasContacto</Form>
            <FormType>dfm</FormType>
            <DesignClass>TDataModule</DesignClass>
        </DCCReference>
        <DCCReference Include="Catalogos\PersonasContactoEdit.pas">
            <Form>frmPersonasContactoEdit</Form>
            <FormType>dfm</FormType>
        </DCCReference>
        <DCCReference Include="Catalogos\PersonasContactoForm.pas">
            <Form>frmPersonasContacto</Form>
            <FormType>dfm</FormType>
        </DCCReference>
        <DCCReference Include="Catalogos\CuentasBancariasDM.pas">
            <Form>dmCuentasBancarias</Form>
            <FormType>dfm</FormType>
            <DesignClass>TDataModule</DesignClass>
        </DCCReference>
        <DCCReference Include="Catalogos\CuentasBancariasDocumentosDM.pas">
            <Form>dmCuentasBancariasDocumentos</Form>
            <FormType>dfm</FormType>
            <DesignClass>TDataModule</DesignClass>
        </DCCReference>
        <DCCReference Include="Catalogos\CuentasBancariasDocumentosForm.pas">
            <Form>frmCuentasBancariasDocumentos</Form>
            <FormType>dfm</FormType>
        </DCCReference>
        <DCCReference Include="Catalogos\CuentasBancariasEdit.pas">
            <Form>frmCuentasBancariasEdit</Form>
            <FormType>dfm</FormType>
        </DCCReference>
        <DCCReference Include="Catalogos\CuentasBancariasForm.pas">
            <Form>frmCuentasBancarias</Form>
            <FormType>dfm</FormType>
        </DCCReference>
        <DCCReference Include="Catalogos\PersonasCSDDM.pas">
            <Form>dmPersonasCSD</Form>
            <FormType>dfm</FormType>
            <DesignClass>TDataModule</DesignClass>
        </DCCReference>
        <DCCReference Include="Catalogos\PersonasCSDEdit.pas">
            <Form>frmPersonasCSDEdit</Form>
            <FormType>dfm</FormType>
        </DCCReference>
        <DCCReference Include="Catalogos\PersonasCSDForm.pas">
            <Form>frmPersonasCSD</Form>
            <FormType>dfm</FormType>
        </DCCReference>
        <DCCReference Include="Reportes\RptPlazasDM.pas">
            <Form>dmRptPlazas</Form>
            <FormType>dfm</FormType>
            <DesignClass>TDataModule</DesignClass>
        </DCCReference>
        <DCCReference Include="Reportes\RptPlazasForm.pas">
            <Form>frmRptPlazas</Form>
            <FormType>dfm</FormType>
        </DCCReference>
        <DCCReference Include="Catalogos\PuestosPerfilesDM.pas">
            <Form>dmPuestosPerfiles</Form>
            <FormType>dfm</FormType>
            <DesignClass>TDataModule</DesignClass>
        </DCCReference>
        <DCCReference Include="Catalogos\PuestosPerfilesForm.pas">
            <Form>frmPuestosPerfiles</Form>
            <FormType>dfm</FormType>
        </DCCReference>
        <DCCReference Include="Catalogos\PuestoPerfilForm.pas">
            <Form>frmPuestoPerfil</Form>
            <FormType>dfm</FormType>
        </DCCReference>
        <DCCReference Include="Catalogos\PlazasDM.pas">
            <Form>dmPlazas</Form>
            <FormType>dfm</FormType>
            <DesignClass>TDataModule</DesignClass>
        </DCCReference>
        <DCCReference Include="Catalogos\PlazasEdit.pas">
            <Form>frmPlazasEdit</Form>
            <FormType>dfm</FormType>
        </DCCReference>
        <DCCReference Include="Catalogos\PlazasForm.pas">
            <Form>frmPlazas</Form>
            <FormType>dfm</FormType>
        </DCCReference>
        <DCCReference Include="Catalogos\DocumentosDM.pas">
            <Form>dmDocumentos</Form>
            <FormType>dfm</FormType>
            <DesignClass>TDataModule</DesignClass>
        </DCCReference>
        <DCCReference Include="Catalogos\DocumentosEdit.pas">
            <Form>frmDocumentosEdit</Form>
            <FormType>dfm</FormType>
        </DCCReference>
        <DCCReference Include="Catalogos\DocumentosForm.pas">
            <Form>frmDocumentos</Form>
            <FormType>dfm</FormType>
        </DCCReference>
        <DCCReference Include="Catalogos\UsuariosXCuentaBancariaEdit.pas">
            <Form>frmUsuariosXCuentaBancariaEdit</Form>
            <FormType>dfm</FormType>
        </DCCReference>
        <DCCReference Include="Catalogos\UsuariosXCuentaBancariaForm.pas">
            <Form>frmUsuariosXCuentaBancaria</Form>
            <FormType>dfm</FormType>
        </DCCReference>
        <DCCReference Include="Catalogos\CuentasContablesPersonasRolesDM.pas">
            <Form>dmCuentasContablesPersonasRoles</Form>
            <FormType>dfm</FormType>
            <DesignClass>TDataModule</DesignClass>
        </DCCReference>
        <DCCReference Include="Catalogos\CuentasContablesPersonasRolesEdit.pas">
            <Form>frmCuentasContablesPersonasRolesEdit</Form>
            <FormType>dfm</FormType>
        </DCCReference>
        <DCCReference Include="Catalogos\CuentasContablesPersonasRolesForm.pas">
            <Form>frmCuentasContablesPersonasRoles</Form>
            <FormType>dfm</FormType>
        </DCCReference>
        <DCCReference Include="Catalogos\CuentasXCobrarConceptosDM.pas">
            <Form>dmCuentasXCobrarConceptos</Form>
            <FormType>dfm</FormType>
            <DesignClass>TDataModule</DesignClass>
        </DCCReference>
        <DCCReference Include="Catalogos\CuentasXCobrarConceptosEdit.pas">
            <Form>frmCuentasXCobrarConceptosEdit</Form>
            <FormType>dfm</FormType>
        </DCCReference>
        <DCCReference Include="Catalogos\CuentasXCobrarConceptosForm.pas">
            <Form>frmCuentasXCobrarConceptos</Form>
            <FormType>dfm</FormType>
        </DCCReference>
        <DCCReference Include="Catalogos\PuestosCapacitacionDM.pas">
            <Form>dmPuestosCapacitacion</Form>
            <FormType>dfm</FormType>
            <DesignClass>TDataModule</DesignClass>
        </DCCReference>
        <DCCReference Include="Catalogos\PuestosCapacitacionesDM.pas">
            <Form>dmPuestosCapacitaciones</Form>
            <FormType>dfm</FormType>
            <DesignClass>TDataModule</DesignClass>
        </DCCReference>
        <DCCReference Include="Catalogos\PuestosCapacitacionesForm.pas">
            <Form>frmPuestosCapacitaciones</Form>
            <FormType>dfm</FormType>
        </DCCReference>
        <DCCReference Include="Catalogos\PuestosCapacitacionForm.pas">
            <Form>frmPuestosCapacitacion</Form>
            <FormType>dfm</FormType>
        </DCCReference>
        <DCCReference Include="Catalogos\PuestosCapacitacionEditForm.pas">
            <Form>frmPuestosCapacitacionEdit</Form>
            <FormType>dfm</FormType>
        </DCCReference>
        <DCCReference Include="Catalogos\PersonasDocumentosDM.pas">
            <Form>dmPersonasDocumentos</Form>
            <FormType>dfm</FormType>
            <DesignClass>TDataModule</DesignClass>
        </DCCReference>
        <DCCReference Include="Catalogos\PersonasDocumentosEdit.pas">
            <Form>frmPersonasDocumentosEdit</Form>
            <FormType>dfm</FormType>
        </DCCReference>
        <DCCReference Include="Catalogos\PersonasDocumentosForm.pas">
            <Form>frmPersonasDocumentos</Form>
            <FormType>dfm</FormType>
        </DCCReference>
        <DCCReference Include="Catalogos\MarcasDM.pas">
            <Form>dmMarcas</Form>
            <FormType>dfm</FormType>
            <DesignClass>TDataModule</DesignClass>
        </DCCReference>
        <DCCReference Include="Catalogos\MarcasForm.pas">
            <Form>frmMarcas</Form>
            <FormType>dfm</FormType>
        </DCCReference>
        <DCCReference Include="Catalogos\MarcasEdit.pas">
            <Form>frmMarcasEdit</Form>
            <FormType>dfm</FormType>
        </DCCReference>
        <DCCReference Include="Catalogos\FamiliasDM.pas">
            <Form>dmFamilias</Form>
            <FormType>dfm</FormType>
            <DesignClass>TDataModule</DesignClass>
        </DCCReference>
        <DCCReference Include="Catalogos\FamiliasForm.pas">
            <Form>frmFamilias</Form>
            <FormType>dfm</FormType>
        </DCCReference>
        <DCCReference Include="Catalogos\FamiliasEdit.pas">
            <Form>frmFamiliasEdit</Form>
            <FormType>dfm</FormType>
        </DCCReference>
        <DCCReference Include="Catalogos\ProductosDM.pas">
            <Form>dmProductos</Form>
            <FormType>dfm</FormType>
            <DesignClass>TDataModule</DesignClass>
        </DCCReference>
        <DCCReference Include="Catalogos\ProductosForm.pas">
            <Form>frmProductos</Form>
            <FormType>dfm</FormType>
        </DCCReference>
        <DCCReference Include="Catalogos\ProductosEdit.pas">
            <Form>frmProductosEdit</Form>
            <FormType>dfm</FormType>
        </DCCReference>
        <DCCReference Include="Procesos\ContratosDM.pas">
            <Form>dmContratos</Form>
            <FormType>dfm</FormType>
            <DesignClass>TDataModule</DesignClass>
        </DCCReference>
        <DCCReference Include="Procesos\ContratosForm.pas">
            <Form>frmContratos</Form>
            <FormType>dfm</FormType>
        </DCCReference>
        <DCCReference Include="Procesos\ContratosEdit.pas">
            <Form>frmContratosEdit</Form>
            <FormType>dfm</FormType>
        </DCCReference>
        <DCCReference Include="Procesos\AnexosForm.pas">
            <Form>frmAnexos</Form>
            <FormType>dfm</FormType>
        </DCCReference>
        <DCCReference Include="Procesos\AnexosEdit.pas">
            <Form>frmAnexosEdit</Form>
            <FormType>dfm</FormType>
        </DCCReference>
        <DCCReference Include="Procesos\AnexosProductosForm.pas">
            <Form>frmAnexosProductos</Form>
            <FormType>dfm</FormType>
        </DCCReference>
        <DCCReference Include="Procesos\AmortizacionesDM.pas">
            <Form>dmAmortizaciones</Form>
            <FormType>dfm</FormType>
            <DesignClass>TDataModule</DesignClass>
        </DCCReference>
        <DCCReference Include="Procesos\SegmentosForm.pas">
            <Form>frmSegmentos</Form>
            <FormType>dfm</FormType>
        </DCCReference>
        <DCCReference Include="Procesos\AmortizacionesForm.pas">
            <Form>frmAmortizaciones</Form>
            <FormType>dfm</FormType>
        </DCCReference>
        <DCCReference Include="Procesos\AnexosSegmentosDM.pas">
            <Form>dmAnexosSegmentos</Form>
            <FormType>dfm</FormType>
            <DesignClass>TDataModule</DesignClass>
        </DCCReference>
        <DCCReference Include="Procesos\AnexosSegmentosForm.pas">
            <Form>frmAnexosSegmentos</Form>
            <FormType>dfm</FormType>
        </DCCReference>
        <DCCReference Include="Procesos\AnexosSegmentosEdit.pas">
            <Form>frmAnexosSegmentosEdit</Form>
            <FormType>dfm</FormType>
        </DCCReference>
        <DCCReference Include="Procesos\AnexosAmortizacionesForm.pas">
            <Form>frmAnexosAmortizaciones</Form>
            <FormType>dfm</FormType>
        </DCCReference>
        <DCCReference Include="Procesos\AnexosCreditosForm.pas">
            <Form>frmAnexosCreditos</Form>
            <FormType>dfm</FormType>
        </DCCReference>
        <DCCReference Include="Procesos\FacturasDM.pas">
            <Form>dmFacturas</Form>
            <FormType>dfm</FormType>
            <DesignClass>TDataModule</DesignClass>
        </DCCReference>
        <DCCReference Include="Procesos\FacturasForm.pas">
            <Form>frmFacturasGrid</Form>
            <FormType>dfm</FormType>
        </DCCReference>
        <DCCReference Include="Procesos\FacturasEdit.pas">
            <Form>frmEdFactura</Form>
            <FormType>dfm</FormType>
        </DCCReference>
        <DCCReference Include="Procesos\ConceptosFacturaForm.pas">
            <Form>frmConceptos</Form>
            <FormType>dfm</FormType>
        </DCCReference>
        <DCCReference Include="Facturar\DocComprobanteFiscal.pas"/>
        <DCCReference Include="Facturar\FacturaTipos.pas"/>
        <DCCReference Include="Facturar\VirtualXML.pas"/>
        <DCCReference Include="Facturar\XMLtoPDFDmod.pas">
            <Form>dmodXMLtoPDF</Form>
            <FormType>dfm</FormType>
            <DesignClass>TDataModule</DesignClass>
        </DCCReference>
        <DCCReference Include="Facturar\FacturaReglamentacion.pas"/>
        <DCCReference Include="Procesos\CuentasXCobrarForm.pas">
            <Form>FrmConCuentasXCobrar</Form>
        </DCCReference>
        <DCCReference Include="Procesos\CuentasXCobrarDM.pas">
            <Form>dmCuentasXCobrar</Form>
            <DesignClass>TDataModule</DesignClass>
        </DCCReference>
        <DCCReference Include="Procesos\CuentasXCobrarDetalleForm.pas">
            <Form>FrmCXCDetalle</Form>
        </DCCReference>
        <DCCReference Include="Procesos\CuentasXCobrarEdit.pas">
            <Form>FrmEdCuentasXCobrar</Form>
        </DCCReference>
        <DCCReference Include="Procesos\PagosDM.pas">
            <Form>dmPagos</Form>
            <DesignClass>TDataModule</DesignClass>
        </DCCReference>
        <DCCReference Include="Procesos\PagosForm.pas">
            <Form>FrmConPagos</Form>
        </DCCReference>
        <DCCReference Include="Procesos\PagosEdit.pas">
            <Form>FrmEdPagos</Form>
        </DCCReference>
        <DCCReference Include="Procesos\AplicacionPagos.pas">
            <Form>FrmAplicacionPago</Form>
        </DCCReference>
        <DCCReference Include="Procesos\AnexosCreditosEdit.pas">
            <Form>frmAnexosCreditosEdit</Form>
            <FormType>dfm</FormType>
        </DCCReference>
        <DCCReference Include="Procesos\CotizacionesDM.pas">
            <Form>dmCotizaciones</Form>
            <DesignClass>TDataModule</DesignClass>
        </DCCReference>
        <DCCReference Include="Procesos\CotizacionesEdit.pas">
            <Form>frmCotizacionesEdit</Form>
        </DCCReference>
        <DCCReference Include="Procesos\CotizacionesForm.pas">
            <Form>frmCotizaciones</Form>
        </DCCReference>
        <DCCReference Include="Procesos\ProcesosType.pas"/>
        <DCCReference Include="Reportes\rptAntiguedadSaldosDM.pas">
            <Form>dmRptAntiguedadSaldos</Form>
            <DesignClass>TDataModule</DesignClass>
        </DCCReference>
        <DCCReference Include="Reportes\rptAntiguedadSaldosForm.pas">
            <Form>frmRptAntiguedadSaldos</Form>
        </DCCReference>
        <DCCReference Include="Procesos\CotizacionesCreditosForm.pas">
            <Form>frmCotizacionesCreditos</Form>
            <FormType>dfm</FormType>
        </DCCReference>
        <DCCReference Include="Procesos\CotizacionesCreditosEdit.pas">
            <Form>frmCotizacionesCreditosEdit</Form>
            <FormType>dfm</FormType>
        </DCCReference>
        <DCCReference Include="Procesos\CotizacionesSeleccionarForm.pas">
            <Form>frmCotizacionesSeleccionar</Form>
            <FormType>dfm</FormType>
        </DCCReference>
        <DCCReference Include="Procesos\AplicacionesConsultaInd.pas">
            <Form>frmAplicacionesInd</Form>
            <FormType>dfm</FormType>
        </DCCReference>
        <DCCReference Include="Procesos\AplicacionesConsultaDM.pas">
            <Form>dmAplicacionesConsulta</Form>
            <FormType>dfm</FormType>
            <DesignClass>TDataModule</DesignClass>
        </DCCReference>
        <DCCReference Include="Procesos\AplicacionesConsultaGrid.pas">
            <Form>frmConaplicaciones</Form>
            <FormType>dfm</FormType>
        </DCCReference>
        <DCCReference Include="Procesos\AplicacionesInternasCon.pas">
            <Form>frmConAplicacionesInternas</Form>
            <FormType>dfm</FormType>
        </DCCReference>
        <DCCReference Include="Procesos\EstadosCuentaDM.pas">
            <Form>dmEstadosCuenta</Form>
            <FormType>dfm</FormType>
            <DesignClass>TDataModule</DesignClass>
        </DCCReference>
        <DCCReference Include="Procesos\EstadosCuentaForm.pas">
            <Form>FrmConEstadosCuenta</Form>
            <FormType>dfm</FormType>
        </DCCReference>
        <DCCReference Include="Procesos\EstadosCuentaDetalleForm.pas">
            <Form>FrmConEstadoCtaDetalle</Form>
            <FormType>dfm</FormType>
        </DCCReference>
        <DCCReference Include="Procesos\ContratosDocumentosDM.pas">
            <Form>dmContratosDocumentos</Form>
            <DesignClass>TDataModule</DesignClass>
        </DCCReference>
        <DCCReference Include="Procesos\ContratosDocumentosForm.pas">
            <Form>frmContratosDocumentos</Form>
        </DCCReference>
        <DCCReference Include="Catalogos\ProductosDocumentosDM.pas">
            <Form>dmProductosDocumentos</Form>
            <DesignClass>TDataModule</DesignClass>
        </DCCReference>
        <DCCReference Include="Catalogos\ProductosDocumentosForm.pas">
            <Form>frmProductosDocumentos</Form>
        </DCCReference>
        <DCCReference Include="Catalogos\ProductosDocumentosEdit.pas">
            <Form>frmProductosDocumentosEdit</Form>
        </DCCReference>
        <DCCReference Include="Catalogos\PersonasPerfilesDM.pas">
            <Form>dmPersonasPerfiles</Form>
            <DesignClass>TDataModule</DesignClass>
        </DCCReference>
        <DCCReference Include="Catalogos\PersonasPerfilesForm.pas">
            <Form>frmPersonasPerfiles</Form>
        </DCCReference>
        <DCCReference Include="Catalogos\PersonasPerfilesEdit.pas">
            <Form>frmPersonasPerfilesEdit</Form>
        </DCCReference>
        <DCCReference Include="Catalogos\PersonasAccionistasDM.pas">
            <Form>dmPersonasAccionistas</Form>
            <DesignClass>TDataModule</DesignClass>
        </DCCReference>
        <DCCReference Include="Catalogos\PersonasAccionistasForm.pas">
            <Form>frmPersonasAccionistas</Form>
        </DCCReference>
        <DCCReference Include="Catalogos\PersonasAccionistasEdit.pas">
            <Form>frmPersonasAccionistasEdit</Form>
        </DCCReference>
        <DCCReference Include="Catalogos\ListasRestringidasDM.pas">
            <Form>dmListasRestringidas</Form>
            <FormType>dfm</FormType>
            <DesignClass>TDataModule</DesignClass>
        </DCCReference>
        <DCCReference Include="Catalogos\ListasRestringidasForm.pas">
            <Form>frmListasRestringidas</Form>
            <FormType>dfm</FormType>
        </DCCReference>
        <DCCReference Include="Catalogos\ListasRestringidasEdit.pas">
            <Form>frmListasRestringidasEdit</Form>
            <FormType>dfm</FormType>
        </DCCReference>
        <DCCReference Include="Procesos\SeguimientoCobranzaCon.pas">
            <Form>FrmSeguimientoCobranza</Form>
            <FormType>dfm</FormType>
        </DCCReference>
        <DCCReference Include="Procesos\SeguimientoCobranzaDM.pas">
            <Form>dmSeguimientoCobranza</Form>
            <FormType>dfm</FormType>
            <DesignClass>TDataModule</DesignClass>
        </DCCReference>
        <DCCReference Include="Procesos\SeguimientoRegistroEd.pas">
            <Form>FrmSeguimientoRegistro</Form>
            <FormType>dfm</FormType>
        </DCCReference>
        <DCCReference Include="Procesos\AbonarCapitalDM.pas">
            <Form>dmAbonarCapital</Form>
            <FormType>dfm</FormType>
            <DesignClass>TDataModule</DesignClass>
        </DCCReference>
        <DCCReference Include="Procesos\AbonarCapitalEdit.pas">
            <Form>frmAbonarCapitalEdit</Form>
            <FormType>dfm</FormType>
        </DCCReference>
        <DCCReference Include="Standard\_ReportSOFOMDM.pas">
            <Form>_dmReportSOFOM</Form>
            <FormType>dfm</FormType>
            <DesignClass>TDataModule</DesignClass>
        </DCCReference>
        <DCCReference Include="Reportes\PDFAntiguedadSaldosDM.pas">
            <Form>dmAntiguedadSaldosPDF</Form>
            <FormType>dfm</FormType>
            <DesignClass>TDataModule</DesignClass>
        </DCCReference>
        <DCCReference Include="Reportes\PDFEStadoCuentaDM.pas">
            <Form>dmRepEstadoCta</Form>
            <FormType>dfm</FormType>
            <DesignClass>TDataModule</DesignClass>
        </DCCReference>
        <DCCReference Include="Catalogos\ConfiguracionDM.pas">
            <Form>dmConfiguracion</Form>
            <FormType>dfm</FormType>
            <DesignClass>TDataModule</DesignClass>
        </DCCReference>
        <DCCReference Include="Catalogos\ConfiguracionesEdit.pas">
            <Form>frmConfiguracionesEdit</Form>
            <FormType>dfm</FormType>
        </DCCReference>
        <DCCReference Include="Catalogos\ConfiguracionesForm.pas">
            <Form>frmConfiguraciones</Form>
            <FormType>dfm</FormType>
        </DCCReference>
        <DCCReference Include="Procesos\AnexosMoratoriosDM.pas">
            <Form>dmAnexosMoratorios</Form>
            <FormType>dfm</FormType>
            <DesignClass>TDataModule</DesignClass>
        </DCCReference>
        <DCCReference Include="Procesos\AnexosMoratoriosForm.pas">
            <Form>frmAnexosMoratorios</Form>
            <FormType>dfm</FormType>
        </DCCReference>
        <DCCReference Include="Procesos\AnexosMoratoriosEdit.pas">
            <Form>frmAnexosMoratoriosEdit</Form>
            <FormType>dfm</FormType>
        </DCCReference>
        <DCCReference Include="Procesos\CuentasXCobrarMoratoriosForm.pas">
            <Form>frmConCXCMoratorios</Form>
            <FormType>dfm</FormType>
        </DCCReference>
        <DCCReference Include="Procesos\CotizacionesDetalleForm.pas">
            <Form>frmCotizacionesDetalle</Form>
            <FormType>dfm</FormType>
        </DCCReference>
        <DCCReference Include="Procesos\CotizacionesDetalleEdit.pas">
            <Form>frmCotizacionesDetalleEdit</Form>
            <FormType>dfm</FormType>
        </DCCReference>
        <DCCReference Include="Reportes\rptInformacionContratosDM.pas">
            <Form>DMRptInformacionContratos</Form>
            <FormType>dfm</FormType>
            <DesignClass>TDataModule</DesignClass>
        </DCCReference>
        <DCCReference Include="Reportes\rptInformacionContratosForm.pas">
            <Form>FrmInformacionContratosGrid</Form>
            <FormType>dfm</FormType>
        </DCCReference>
        <DCCReference Include="Procesos\ImpactoISRDM.pas">
            <Form>dmImpactoISR</Form>
            <FormType>dfm</FormType>
            <DesignClass>TDataModule</DesignClass>
        </DCCReference>
        <DCCReference Include="Procesos\ImpactoISREdit.pas">
            <Form>frmImpactoISREdit</Form>
        </DCCReference>
        <DCCReference Include="Reportes\PDFReporteCarteraDM.pas">
            <Form>DmReporteCarteraPDF</Form>
            <DesignClass>TDataModule</DesignClass>
        </DCCReference>
        <DCCReference Include="Reportes\rptReporteCarteraDM.pas">
            <Form>dmrptReporteCartera</Form>
            <DesignClass>TDataModule</DesignClass>
        </DCCReference>
        <DCCReference Include="Reportes\rptReporteCarteraForm.pas">
            <Form>FrmReporteCarteraGrid</Form>
        </DCCReference>
        <DCCReference Include="Reportes\RptCoberturaDM.pas">
            <Form>dmRptCobertura</Form>
            <DesignClass>TDataModule</DesignClass>
        </DCCReference>
        <DCCReference Include="Reportes\RptExpedientesRecibidosDM.pas">
            <Form>dmRptExpedientesRecibidos</Form>
            <DesignClass>TDataModule</DesignClass>
        </DCCReference>
        <DCCReference Include="Catalogos\MonedasCotizacionesDM.pas">
            <Form>dmMonedasCotizaciones</Form>
            <FormType>dfm</FormType>
            <DesignClass>TDataModule</DesignClass>
        </DCCReference>
        <DCCReference Include="Catalogos\MonedasCotizacionesEdit.pas">
            <Form>frmMonedasCotizacionesEdit</Form>
            <FormType>dfm</FormType>
        </DCCReference>
        <DCCReference Include="Catalogos\MonedasCotizacionesForm.pas">
            <Form>frmMonedasCotizaciones</Form>
            <FormType>dfm</FormType>
        </DCCReference>
        <DCCReference Include="Reportes\RptAnexosProductosDM.pas">
            <Form>dmRptAnexosProductos</Form>
            <FormType>dfm</FormType>
            <DesignClass>TDataModule</DesignClass>
        </DCCReference>
        <DCCReference Include="Reportes\RptColocacionAcumuladoDM.pas">
            <Form>dmRptColocacionAcumulado</Form>
            <FormType>dfm</FormType>
            <DesignClass>TDataModule</DesignClass>
        </DCCReference>
        <DCCReference Include="Catalogos\PonerFechaActualForm.pas">
            <Form>FrmPoneFechaActual</Form>
            <FormType>dfm</FormType>
        </DCCReference>
        <DCCReference Include="Procesos\BuroCreditoDM.pas">
            <Form>dmBuroCredito</Form>
            <DesignClass>TDataModule</DesignClass>
        </DCCReference>
        <DCCReference Include="Procesos\BuroCreditoFiltroForm.pas">
            <Form>frmBuroCreditoFiltro</Form>
        </DCCReference>
        <DCCReference Include="Procesos\CuentasBancariasMovimientosDM.pas">
            <Form>DMCuentasBancariasMovimientos</Form>
            <FormType>dfm</FormType>
            <DesignClass>TDataModule</DesignClass>
        </DCCReference>
        <DCCReference Include="Procesos\CuentasBancariasMovimientosForm.pas">
            <Form>FrmCuentasBancariasMovimientos</Form>
            <FormType>dfm</FormType>
        </DCCReference>
        <DCCReference Include="Procesos\MovimientosXCuentaForm.pas">
            <Form>FrmMovimientosXCtaBan</Form>
            <FormType>dfm</FormType>
        </DCCReference>
        <DCCReference Include="Procesos\ListaNotaCreditoForm.pas">
            <Form>frmListaNotasCredito</Form>
            <FormType>dfm</FormType>
        </DCCReference>
        <DCCReference Include="Procesos\ConceptoOpcionCEdt.pas">
            <Form>FrmConcFacturaOpcCompra</Form>
            <FormType>dfm</FormType>
        </DCCReference>
        <DCCReference Include="Procesos\SeleccionAplicacionForm.pas">
            <Form>FrmSeleccionAplicacion</Form>
            <FormType>dfm</FormType>
        </DCCReference>
        <DCCReference Include="Procesos\ClaveAutorizacionForm.pas">
            <Form>FrmClaveAutorizacion</Form>
            <FormType>dfm</FormType>
        </DCCReference>
        <DCCReference Include="Procesos\MetodoPagoFacturaEdt.pas">
            <Form>FrmMetodoPagoFactura</Form>
            <FormType>dfm</FormType>
        </DCCReference>
        <DCCReference Include="Procesos\PLDAlertasDM.pas">
            <Form>dmPLDAlertas</Form>
            <DesignClass>TDataModule</DesignClass>
        </DCCReference>
        <DCCReference Include="Procesos\PLDAlertasForm.pas">
            <Form>frmPLDAlertas</Form>
        </DCCReference>
        <DCCReference Include="Procesos\PLDAlertasEdit.pas">
            <Form>frmPLDAlertasEdit</Form>
        </DCCReference>
        <DCCReference Include="Procesos\PLDAlertasFiltroForm.pas">
            <Form>frmPLDAlertasFiltro</Form>
        </DCCReference>
        <DCCReference Include="Reportes\PDFReporteEstatusCXC.pas">
            <Form>DMListaCXCPendFactPDF</Form>
            <FormType>dfm</FormType>
            <DesignClass>TDataModule</DesignClass>
        </DCCReference>
        <DCCReference Include="Reportes\PDFAplicacionSaldosDM.pas">
            <Form>DmRptAplicacionPagospdf</Form>
            <DesignClass>TDataModule</DesignClass>
        </DCCReference>
        <DCCReference Include="Reportes\RptPagoAplicacionesMensualDM.pas">
            <Form>dmRptPagoAplicacionesMensual</Form>
            <DesignClass>TDataModule</DesignClass>
        </DCCReference>
        <DCCReference Include="Reportes\RptPagoAplicacionesMensualForm.pas">
            <Form>frmRptPagoAplicacionesMensual</Form>
        </DCCReference>
        <DCCReference Include="Reportes\RptCoberturaForm.pas">
            <Form>frmRptCobertura</Form>
        </DCCReference>
        <DCCReference Include="Procesos\FacturaConfirmacionForm.pas">
            <Form>FrmDatosFacturaPrev</Form>
            <FormType>dfm</FormType>
        </DCCReference>
        <DCCReference Include="Facturar33\Versiones\Facturacion.ComplementoPagoV1.pas"/>
        <DCCReference Include="Facturar33\Versiones\Facturacion.ComprobanteV33.pas"/>
        <DCCReference Include="Facturar33\Versiones\Facturacion.ImpuestosLocalesV1.pas"/>
        <DCCReference Include="Facturar33\Versiones\Facturacion.TimbreFiscalDigitalV33.pas"/>
        <DCCReference Include="Facturar33\Facturacion.OpenSSL.pas"/>
        <DCCReference Include="Facturar33\Facturacion.Helper.pas"/>
        <DCCReference Include="Facturar33\Versiones\Facturacion.Comprobante.pas"/>
        <DCCReference Include="Facturar33\Facturacion.Tipos.pas"/>
        <DCCReference Include="Facturar33\OpenSSL\libeay32.pas"/>
        <DCCReference Include="Facturar33\OpenSSL\LibEay32Plus.pas"/>
        <DCCReference Include="Facturar33\OpenSSL\OpenSSLUtils.pas"/>
        <DCCReference Include="Facturar33\VirtualXML33.pas"/>
        <DCCReference Include="Reportes\RptCFDI33DM.pas">
            <Form>dmRptCFDI33</Form>
            <DesignClass>TDataModule</DesignClass>
        </DCCReference>
        <DCCReference Include="Procesos\FacturasPropiedadesEdit.pas">
            <Form>frmFacturasPropiedadesEdit</Form>
            <FormType>dfm</FormType>
        </DCCReference>
        <DCCReference Include="Catalogos\ListasRestringidasWeb.pas">
            <Form>frmListasRestringidasWeb</Form>
            <FormType>dfm</FormType>
        </DCCReference>
        <DCCReference Include="Catalogos\MSHTML_TLB.pas"/>
        <DCCReference Include="Procesos\PLDAlertasPreocupanteForm.pas">
            <Form>frmPLDAlertasPreocupante</Form>
            <FormType>dfm</FormType>
        </DCCReference>
        <DCCReference Include="Catalogos\PLDAlertasConfiguracionDM.pas">
            <Form>dmPLDAlertasConfiguracion</Form>
            <FormType>dfm</FormType>
            <DesignClass>TDataModule</DesignClass>
        </DCCReference>
        <DCCReference Include="Catalogos\PLDAlertasConfiguracionForm.pas">
            <Form>frmPLDAlertasConfiguracion</Form>
            <FormType>dfm</FormType>
        </DCCReference>
        <DCCReference Include="Catalogos\PLDAlertasConfiguracionEdit.pas">
            <Form>frmPLDAlertasConfiguracionEdit</Form>
            <FormType>dfm</FormType>
        </DCCReference>
        <DCCReference Include="Procesos\CFDIRelacionadosDM.pas">
            <Form>dmCFDIRelacionados</Form>
            <DesignClass>TDataModule</DesignClass>
        </DCCReference>
        <DCCReference Include="Procesos\CFDIRelacionadosForm.pas">
            <Form>frmCFDIRelacionados</Form>
        </DCCReference>
        <DCCReference Include="Procesos\CFDICPRelacionadosForm.pas">
            <Form>frmCFDICPRelacionados</Form>
            <FormType>dfm</FormType>
        </DCCReference>
        <DCCReference Include="Procesos\PagosAplicacionesForm.pas">
            <Form>frmPagosAplicaciones</Form>
            <FormType>dfm</FormType>
        </DCCReference>
        <DCCReference Include="Procesos\LPB.pas"/>
        <BuildConfiguration Include="Release">
            <Key>Cfg_2</Key>
            <CfgParent>Base</CfgParent>
        </BuildConfiguration>
        <BuildConfiguration Include="Base">
            <Key>Base</Key>
        </BuildConfiguration>
        <BuildConfiguration Include="Debug">
            <Key>Cfg_1</Key>
            <CfgParent>Base</CfgParent>
        </BuildConfiguration>
    </ItemGroup>
    <ProjectExtensions>
        <Borland.Personality>Delphi.Personality.12</Borland.Personality>
        <Borland.ProjectType/>
        <BorlandProject>
            <Delphi.Personality>
                <VersionInfo>
                    <VersionInfo Name="IncludeVerInfo">False</VersionInfo>
                    <VersionInfo Name="AutoIncBuild">False</VersionInfo>
                    <VersionInfo Name="MajorVer">1</VersionInfo>
                    <VersionInfo Name="MinorVer">0</VersionInfo>
                    <VersionInfo Name="Release">0</VersionInfo>
                    <VersionInfo Name="Build">0</VersionInfo>
                    <VersionInfo Name="Debug">False</VersionInfo>
                    <VersionInfo Name="PreRelease">False</VersionInfo>
                    <VersionInfo Name="Special">False</VersionInfo>
                    <VersionInfo Name="Private">False</VersionInfo>
                    <VersionInfo Name="DLL">False</VersionInfo>
                    <VersionInfo Name="Locale">2058</VersionInfo>
                    <VersionInfo Name="CodePage">1252</VersionInfo>
                </VersionInfo>
                <VersionInfoKeys>
                    <VersionInfoKeys Name="CompanyName"/>
                    <VersionInfoKeys Name="FileDescription"/>
                    <VersionInfoKeys Name="FileVersion">1.0.0.0</VersionInfoKeys>
                    <VersionInfoKeys Name="InternalName"/>
                    <VersionInfoKeys Name="LegalCopyright"/>
                    <VersionInfoKeys Name="LegalTrademarks"/>
                    <VersionInfoKeys Name="OriginalFilename"/>
                    <VersionInfoKeys Name="ProductName"/>
                    <VersionInfoKeys Name="ProductVersion">1.0.0.0</VersionInfoKeys>
                    <VersionInfoKeys Name="Comments"/>
                    <VersionInfoKeys Name="CFBundleName"/>
                    <VersionInfoKeys Name="CFBundleDisplayName"/>
                    <VersionInfoKeys Name="UIDeviceFamily"/>
                    <VersionInfoKeys Name="CFBundleIdentifier"/>
                    <VersionInfoKeys Name="CFBundleVersion"/>
                    <VersionInfoKeys Name="CFBundlePackageType"/>
                    <VersionInfoKeys Name="CFBundleSignature"/>
                    <VersionInfoKeys Name="CFBundleAllowMixedLocalizations"/>
                    <VersionInfoKeys Name="UISupportedInterfaceOrientations"/>
                    <VersionInfoKeys Name="CFBundleExecutable"/>
                    <VersionInfoKeys Name="CFBundleResourceSpecification"/>
                    <VersionInfoKeys Name="LSRequiresIPhoneOS"/>
                    <VersionInfoKeys Name="CFBundleInfoDictionaryVersion"/>
                    <VersionInfoKeys Name="CFBundleDevelopmentRegion"/>
                </VersionInfoKeys>
                <Excluded_Packages>
                    <Excluded_Packages Name="C:\Program Files (x86)\DevExpress VCL\Library\RS18\dclcxSchedulerTreeBrowserRS18.bpl">ExpressScheduler tree browser by Developer Express Inc.</Excluded_Packages>
                    <Excluded_Packages Name="$(BDSBIN)\dcloffice2k180.bpl">Microsoft Office 2000 Sample Automation Server Wrapper Components</Excluded_Packages>
                    <Excluded_Packages Name="$(BDSBIN)\dclofficexp180.bpl">Microsoft Office XP Sample Automation Server Wrapper Components</Excluded_Packages>
                </Excluded_Packages>
                <Source>
                    <Source Name="MainSource">Manarina.dpr</Source>
                </Source>
            </Delphi.Personality>
            <Deployment/>
            <Platforms>
                <Platform value="Win32">True</Platform>
                <Platform value="Win64">False</Platform>
            </Platforms>
        </BorlandProject>
        <ProjectFileVersion>12</ProjectFileVersion>
    </ProjectExtensions>
    <Import Project="$(BDS)\Bin\CodeGear.Delphi.Targets" Condition="Exists('$(BDS)\Bin\CodeGear.Delphi.Targets')"/>
    <Import Project="$(APPDATA)\Embarcadero\$(BDSAPPDATABASEDIR)\$(PRODUCTVERSION)\UserTools.proj" Condition="Exists('$(APPDATA)\Embarcadero\$(BDSAPPDATABASEDIR)\$(PRODUCTVERSION)\UserTools.proj')"/>
</Project>
